
Microsoft Visual Studio Solution File, Format Version 12.00
# Visual Studio Version 16
VisualStudioVersion = 16.0.31911.196
MinimumVisualStudioVersion = 10.0.40219.1
Project("{FAE04EC0-301F-11D3-BF4B-00C04F79EFBC}") = "WebApiRedis.Core", "WebApiRedis\WebApiRedis.Core.csproj", "{0A11FA7A-764B-4ABE-8630-0BD6AD1D21D2}"
EndProject
Global
	GlobalSection(SolutionConfigurationPlatforms) = preSolution
		Debug|Any CPU = Debug|Any CPU
		Release|Any CPU = Release|Any CPU
	EndGlobalSection
	GlobalSection(ProjectConfigurationPlatforms) = postSolution
		{0A11FA7A-764B-4ABE-8630-0BD6AD1D21D2}.Debug|Any CPU.ActiveCfg = Debug|Any CPU
		{0A11FA7A-764B-4ABE-8630-0BD6AD1D21D2}.Debug|Any CPU.Build.0 = Debug|Any CPU
		{0A11FA7A-764B-4ABE-8630-0BD6AD1D21D2}.Release|Any CPU.ActiveCfg = Release|Any CPU
		{0A11FA7A-764B-4ABE-8630-0BD6AD1D21D2}.Release|Any CPU.Build.0 = Release|Any CPU
	EndGlobalSection
	GlobalSection(SolutionProperties) = preSolution
		HideSolutionNode = FALSE
	EndGlobalSection
	GlobalSection(ExtensibilityGlobals) = postSolution
		SolutionGuid = {23DCE71D-5345-4C1C-9D34-37BD0CBD4E99}
	EndGlobalSection
EndGlobal
